// !$*UTF8*$!
{
	archiveVersion = 1;
	classes = {
	};
	objectVersion = 55;
	objects = {

/* Begin PBXBuildFile section */
		75678698280D4F2E00AC4EAE /* AppDelegate.swift in Sources */ = {isa = PBXBuildFile; fileRef = 75678697280D4F2E00AC4EAE /* AppDelegate.swift */; };
		7567869A280D4F2E00AC4EAE /* SceneDelegate.swift in Sources */ = {isa = PBXBuildFile; fileRef = 75678699280D4F2E00AC4EAE /* SceneDelegate.swift */; };
		7567869C280D4F2E00AC4EAE /* MainTabBarViewController.swift in Sources */ = {isa = PBXBuildFile; fileRef = 7567869B280D4F2E00AC4EAE /* MainTabBarViewController.swift */; };
		756786A1280D4F3000AC4EAE /* Assets.xcassets in Resources */ = {isa = PBXBuildFile; fileRef = 756786A0280D4F3000AC4EAE /* Assets.xcassets */; };
		756786A4280D4F3000AC4EAE /* LaunchScreen.storyboard in Resources */ = {isa = PBXBuildFile; fileRef = 756786A2280D4F3000AC4EAE /* LaunchScreen.storyboard */; };
		756786AC280D8E5200AC4EAE /* SecondViewController.swift in Sources */ = {isa = PBXBuildFile; fileRef = 756786AB280D8E5200AC4EAE /* SecondViewController.swift */; };
		756786AE280D8E8D00AC4EAE /* ThirdViewController.swift in Sources */ = {isa = PBXBuildFile; fileRef = 756786AD280D8E8D00AC4EAE /* ThirdViewController.swift */; };
		756786B0280D996500AC4EAE /* FourthViewController.swift in Sources */ = {isa = PBXBuildFile; fileRef = 756786AF280D996500AC4EAE /* FourthViewController.swift */; };
		756786B2280D997400AC4EAE /* FifthViewController.swift in Sources */ = {isa = PBXBuildFile; fileRef = 756786B1280D997400AC4EAE /* FifthViewController.swift */; };
		756786B5280EC8A600AC4EAE /* AddAlarmViewController.swift in Sources */ = {isa = PBXBuildFile; fileRef = 756786B4280EC8A600AC4EAE /* AddAlarmViewController.swift */; };
		75BF900D2811207C000D110F /* SnapKit in Frameworks */ = {isa = PBXBuildFile; productRef = 75BF900C2811207C000D110F /* SnapKit */; };
		75BF90112816CECA000D110F /* WeekViewController.swift in Sources */ = {isa = PBXBuildFile; fileRef = 75BF90102816CECA000D110F /* WeekViewController.swift */; };
/* End PBXBuildFile section */

/* Begin PBXFileReference section */
		75678694280D4F2E00AC4EAE /* clockApp.app */ = {isa = PBXFileReference; explicitFileType = wrapper.application; includeInIndex = 0; path = clockApp.app; sourceTree = BUILT_PRODUCTS_DIR; };
		75678697280D4F2E00AC4EAE /* AppDelegate.swift */ = {isa = PBXFileReference; lastKnownFileType = sourcecode.swift; path = AppDelegate.swift; sourceTree = "<group>"; };
		75678699280D4F2E00AC4EAE /* SceneDelegate.swift */ = {isa = PBXFileReference; lastKnownFileType = sourcecode.swift; path = SceneDelegate.swift; sourceTree = "<group>"; };
		7567869B280D4F2E00AC4EAE /* MainTabBarViewController.swift */ = {isa = PBXFileReference; lastKnownFileType = sourcecode.swift; path = MainTabBarViewController.swift; sourceTree = "<group>"; };
		756786A0280D4F3000AC4EAE /* Assets.xcassets */ = {isa = PBXFileReference; lastKnownFileType = folder.assetcatalog; path = Assets.xcassets; sourceTree = "<group>"; };
		756786A3280D4F3000AC4EAE /* Base */ = {isa = PBXFileReference; lastKnownFileType = file.storyboard; name = Base; path = Base.lproj/LaunchScreen.storyboard; sourceTree = "<group>"; };
		756786A5280D4F3000AC4EAE /* Info.plist */ = {isa = PBXFileReference; lastKnownFileType = text.plist.xml; path = Info.plist; sourceTree = "<group>"; };
		756786AB280D8E5200AC4EAE /* SecondViewController.swift */ = {isa = PBXFileReference; lastKnownFileType = sourcecode.swift; path = SecondViewController.swift; sourceTree = "<group>"; };
		756786AD280D8E8D00AC4EAE /* ThirdViewController.swift */ = {isa = PBXFileReference; lastKnownFileType = sourcecode.swift; path = ThirdViewController.swift; sourceTree = "<group>"; };
		756786AF280D996500AC4EAE /* FourthViewController.swift */ = {isa = PBXFileReference; lastKnownFileType = sourcecode.swift; path = FourthViewController.swift; sourceTree = "<group>"; };
		756786B1280D997400AC4EAE /* FifthViewController.swift */ = {isa = PBXFileReference; lastKnownFileType = sourcecode.swift; path = FifthViewController.swift; sourceTree = "<group>"; };
		756786B4280EC8A600AC4EAE /* AddAlarmViewController.swift */ = {isa = PBXFileReference; lastKnownFileType = sourcecode.swift; path = AddAlarmViewController.swift; sourceTree = "<group>"; };
		75BF90102816CECA000D110F /* WeekViewController.swift */ = {isa = PBXFileReference; lastKnownFileType = sourcecode.swift; path = WeekViewController.swift; sourceTree = "<group>"; };
/* End PBXFileReference section */

/* Begin PBXFrameworksBuildPhase section */
		75678691280D4F2E00AC4EAE /* Frameworks */ = {
			isa = PBXFrameworksBuildPhase;
			buildActionMask = 2147483647;
			files = (
				75BF900D2811207C000D110F /* SnapKit in Frameworks */,
			);
			runOnlyForDeploymentPostprocessing = 0;
		};
/* End PBXFrameworksBuildPhase section */

/* Begin PBXGroup section */
		7567868B280D4F2E00AC4EAE = {
			isa = PBXGroup;
			children = (
				75678696280D4F2E00AC4EAE /* clockApp */,
				75678695280D4F2E00AC4EAE /* Products */,
			);
			sourceTree = "<group>";
		};
		75678695280D4F2E00AC4EAE /* Products */ = {
			isa = PBXGroup;
			children = (
				75678694280D4F2E00AC4EAE /* clockApp.app */,
			);
			name = Products;
			sourceTree = "<group>";
		};
		75678696280D4F2E00AC4EAE /* clockApp */ = {
			isa = PBXGroup;
			children = (
				756786B3280EAE4500AC4EAE /* 鬧鐘 */,
				75678697280D4F2E00AC4EAE /* AppDelegate.swift */,
				75678699280D4F2E00AC4EAE /* SceneDelegate.swift */,
				7567869B280D4F2E00AC4EAE /* MainTabBarViewController.swift */,
				756786AB280D8E5200AC4EAE /* SecondViewController.swift */,
				756786AF280D996500AC4EAE /* FourthViewController.swift */,
				756786B1280D997400AC4EAE /* FifthViewController.swift */,
				756786A0280D4F3000AC4EAE /* Assets.xcassets */,
				756786A2280D4F3000AC4EAE /* LaunchScreen.storyboard */,
				756786A5280D4F3000AC4EAE /* Info.plist */,
			);
			path = clockApp;
			sourceTree = "<group>";
		};
		756786B3280EAE4500AC4EAE /* 鬧鐘 */ = {
			isa = PBXGroup;
			children = (
				756786AD280D8E8D00AC4EAE /* ThirdViewController.swift */,
				756786B4280EC8A600AC4EAE /* AddAlarmViewController.swift */,
				75BF90102816CECA000D110F /* WeekViewController.swift */,
			);
			path = "鬧鐘";
			sourceTree = "<group>";
		};
/* End PBXGroup section */

/* Begin PBXNativeTarget section */
		75678693280D4F2E00AC4EAE /* clockApp */ = {
			isa = PBXNativeTarget;
			buildConfigurationList = 756786A8280D4F3000AC4EAE /* Build configuration list for PBXNativeTarget "clockApp" */;
			buildPhases = (
				75678690280D4F2E00AC4EAE /* Sources */,
				75678691280D4F2E00AC4EAE /* Frameworks */,
				75678692280D4F2E00AC4EAE /* Resources */,
			);
			buildRules = (
			);
			dependencies = (
			);
			name = clockApp;
			packageProductDependencies = (
				75BF900C2811207C000D110F /* SnapKit */,
			);
			productName = clockApp;
			productReference = 75678694280D4F2E00AC4EAE /* clockApp.app */;
			productType = "com.apple.product-type.application";
		};
/* End PBXNativeTarget section */

/* Begin PBXProject section */
		7567868C280D4F2E00AC4EAE /* Project object */ = {
			isa = PBXProject;
			attributes = {
				BuildIndependentTargetsInParallel = 1;
				LastSwiftUpdateCheck = 1330;
				LastUpgradeCheck = 1330;
				TargetAttributes = {
					75678693280D4F2E00AC4EAE = {
						CreatedOnToolsVersion = 13.3.1;
					};
				};
			};
			buildConfigurationList = 7567868F280D4F2E00AC4EAE /* Build configuration list for PBXProject "clockApp" */;
			compatibilityVersion = "Xcode 13.0";
			developmentRegion = en;
			hasScannedForEncodings = 0;
			knownRegions = (
				en,
				Base,
			);
			mainGroup = 7567868B280D4F2E00AC4EAE;
			packageReferences = (
				75BF900B2811207C000D110F /* XCRemoteSwiftPackageReference "SnapKit" */,
			);
			productRefGroup = 75678695280D4F2E00AC4EAE /* Products */;
			projectDirPath = "";
			projectRoot = "";
			targets = (
				75678693280D4F2E00AC4EAE /* clockApp */,
			);
		};
/* End PBXProject section */

/* Begin PBXResourcesBuildPhase section */
		75678692280D4F2E00AC4EAE /* Resources */ = {
			isa = PBXResourcesBuildPhase;
			buildActionMask = 2147483647;
			files = (
				756786A4280D4F3000AC4EAE /* LaunchScreen.storyboard in Resources */,
				756786A1280D4F3000AC4EAE /* Assets.xcassets in Resources */,
			);
			runOnlyForDeploymentPostprocessing = 0;
		};
/* End PBXResourcesBuildPhase section */

/* Begin PBXSourcesBuildPhase section */
		75678690280D4F2E00AC4EAE /* Sources */ = {
			isa = PBXSourcesBuildPhase;
			buildActionMask = 2147483647;
			files = (
				756786B0280D996500AC4EAE /* FourthViewController.swift in Sources */,
				756786AC280D8E5200AC4EAE /* SecondViewController.swift in Sources */,
				7567869C280D4F2E00AC4EAE /* MainTabBarViewController.swift in Sources */,
				756786AE280D8E8D00AC4EAE /* ThirdViewController.swift in Sources */,
				75678698280D4F2E00AC4EAE /* AppDelegate.swift in Sources */,
				7567869A280D4F2E00AC4EAE /* SceneDelegate.swift in Sources */,
				75BF90112816CECA000D110F /* WeekViewController.swift in Sources */,
				756786B5280EC8A600AC4EAE /* AddAlarmViewController.swift in Sources */,
				756786B2280D997400AC4EAE /* FifthViewController.swift in Sources */,
			);
			runOnlyForDeploymentPostprocessing = 0;
		};
/* End PBXSourcesBuildPhase section */

/* Begin PBXVariantGroup section */
		756786A2280D4F3000AC4EAE /* LaunchScreen.storyboard */ = {
			isa = PBXVariantGroup;
			children = (
				756786A3280D4F3000AC4EAE /* Base */,
			);
			name = LaunchScreen.storyboard;
			sourceTree = "<group>";
		};
/* End PBXVariantGroup section */

/* Begin XCBuildConfiguration section */
		756786A6280D4F3000AC4EAE /* Debug */ = {
			isa = XCBuildConfiguration;
			buildSettings = {
				ALWAYS_SEARCH_USER_PATHS = NO;
				CLANG_ANALYZER_NONNULL = YES;
				CLANG_ANALYZER_NUMBER_OBJECT_CONVERSION = YES_AGGRESSIVE;
				CLANG_CXX_LANGUAGE_STANDARD = "gnu++17";
				CLANG_ENABLE_MODULES = YES;
				CLANG_ENABLE_OBJC_ARC = YES;
				CLANG_ENABLE_OBJC_WEAK = YES;
				CLANG_WARN_BLOCK_CAPTURE_AUTORELEASING = YES;
				CLANG_WARN_BOOL_CONVERSION = YES;
				CLANG_WARN_COMMA = YES;
				CLANG_WARN_CONSTANT_CONVERSION = YES;
				CLANG_WARN_DEPRECATED_OBJC_IMPLEMENTATIONS = YES;
				CLANG_WARN_DIRECT_OBJC_ISA_USAGE = YES_ERROR;
				CLANG_WARN_DOCUMENTATION_COMMENTS = YES;
				CLANG_WARN_EMPTY_BODY = YES;
				CLANG_WARN_ENUM_CONVERSION = YES;
				CLANG_WARN_INFINITE_RECURSION = YES;
				CLANG_WARN_INT_CONVERSION = YES;
				CLANG_WARN_NON_LITERAL_NULL_CONVERSION = YES;
				CLANG_WARN_OBJC_IMPLICIT_RETAIN_SELF = YES;
				CLANG_WARN_OBJC_LITERAL_CONVERSION = YES;
				CLANG_WARN_OBJC_ROOT_CLASS = YES_ERROR;
				CLANG_WARN_QUOTED_INCLUDE_IN_FRAMEWORK_HEADER = YES;
				CLANG_WARN_RANGE_LOOP_ANALYSIS = YES;
				CLANG_WARN_STRICT_PROTOTYPES = YES;
				CLANG_WARN_SUSPICIOUS_MOVE = YES;
				CLANG_WARN_UNGUARDED_AVAILABILITY = YES_AGGRESSIVE;
				CLANG_WARN_UNREACHABLE_CODE = YES;
				CLANG_WARN__DUPLICATE_METHOD_MATCH = YES;
				COPY_PHASE_STRIP = NO;
				DEBUG_INFORMATION_FORMAT = dwarf;
				ENABLE_STRICT_OBJC_MSGSEND = YES;
				ENABLE_TESTABILITY = YES;
				GCC_C_LANGUAGE_STANDARD = gnu11;
				GCC_DYNAMIC_NO_PIC = NO;
				GCC_NO_COMMON_BLOCKS = YES;
				GCC_OPTIMIZATION_LEVEL = 0;
				GCC_PREPROCESSOR_DEFINITIONS = (
					"DEBUG=1",
					"$(inherited)",
				);
				GCC_WARN_64_TO_32_BIT_CONVERSION = YES;
				GCC_WARN_ABOUT_RETURN_TYPE = YES_ERROR;
				GCC_WARN_UNDECLARED_SELECTOR = YES;
				GCC_WARN_UNINITIALIZED_AUTOS = YES_AGGRESSIVE;
				GCC_WARN_UNUSED_FUNCTION = YES;
				GCC_WARN_UNUSED_VARIABLE = YES;
				IPHONEOS_DEPLOYMENT_TARGET = 14.0;
				MTL_ENABLE_DEBUG_INFO = INCLUDE_SOURCE;
				MTL_FAST_MATH = YES;
				ONLY_ACTIVE_ARCH = YES;
				SDKROOT = iphoneos;
				SWIFT_ACTIVE_COMPILATION_CONDITIONS = DEBUG;
				SWIFT_OPTIMIZATION_LEVEL = "-Onone";
			};
			name = Debug;
		};
		756786A7280D4F3000AC4EAE /* Release */ = {
			isa = XCBuildConfiguration;
			buildSettings = {
				ALWAYS_SEARCH_USER_PATHS = NO;
				CLANG_ANALYZER_NONNULL = YES;
				CLANG_ANALYZER_NUMBER_OBJECT_CONVERSION = YES_AGGRESSIVE;
				CLANG_CXX_LANGUAGE_STANDARD = "gnu++17";
				CLANG_ENABLE_MODULES = YES;
				CLANG_ENABLE_OBJC_ARC = YES;
				CLANG_ENABLE_OBJC_WEAK = YES;
				CLANG_WARN_BLOCK_CAPTURE_AUTORELEASING = YES;
				CLANG_WARN_BOOL_CONVERSION = YES;
				CLANG_WARN_COMMA = YES;
				CLANG_WARN_CONSTANT_CONVERSION = YES;
				CLANG_WARN_DEPRECATED_OBJC_IMPLEMENTATIONS = YES;
				CLANG_WARN_DIRECT_OBJC_ISA_USAGE = YES_ERROR;
				CLANG_WARN_DOCUMENTATION_COMMENTS = YES;
				CLANG_WARN_EMPTY_BODY = YES;
				CLANG_WARN_ENUM_CONVERSION = YES;
				CLANG_WARN_INFINITE_RECURSION = YES;
				CLANG_WARN_INT_CONVERSION = YES;
				CLANG_WARN_NON_LITERAL_NULL_CONVERSION = YES;
				CLANG_WARN_OBJC_IMPLICIT_RETAIN_SELF = YES;
				CLANG_WARN_OBJC_LITERAL_CONVERSION = YES;
				CLANG_WARN_OBJC_ROOT_CLASS = YES_ERROR;
				CLANG_WARN_QUOTED_INCLUDE_IN_FRAMEWORK_HEADER = YES;
				CLANG_WARN_RANGE_LOOP_ANALYSIS = YES;
				CLANG_WARN_STRICT_PROTOTYPES = YES;
				CLANG_WARN_SUSPICIOUS_MOVE = YES;
				CLANG_WARN_UNGUARDED_AVAILABILITY = YES_AGGRESSIVE;
				CLANG_WARN_UNREACHABLE_CODE = YES;
				CLANG_WARN__DUPLICATE_METHOD_MATCH = YES;
				COPY_PHASE_STRIP = NO;
				DEBUG_INFORMATION_FORMAT = "dwarf-with-dsym";
				ENABLE_NS_ASSERTIONS = NO;
				ENABLE_STRICT_OBJC_MSGSEND = YES;
				GCC_C_LANGUAGE_STANDARD = gnu11;
				GCC_NO_COMMON_BLOCKS = YES;
				GCC_WARN_64_TO_32_BIT_CONVERSION = YES;
				GCC_WARN_ABOUT_RETURN_TYPE = YES_ERROR;
				GCC_WARN_UNDECLARED_SELECTOR = YES;
				GCC_WARN_UNINITIALIZED_AUTOS = YES_AGGRESSIVE;
				GCC_WARN_UNUSED_FUNCTION = YES;
				GCC_WARN_UNUSED_VARIABLE = YES;
				IPHONEOS_DEPLOYMENT_TARGET = 14.0;
				MTL_ENABLE_DEBUG_INFO = NO;
				MTL_FAST_MATH = YES;
				SDKROOT = iphoneos;
				SWIFT_COMPILATION_MODE = wholemodule;
				SWIFT_OPTIMIZATION_LEVEL = "-O";
				VALIDATE_PRODUCT = YES;
			};
			name = Release;
		};
		756786A9280D4F3000AC4EAE /* Debug */ = {
			isa = XCBuildConfiguration;
			buildSettings = {
				ASSETCATALOG_COMPILER_APPICON_NAME = AppIcon;
				ASSETCATALOG_COMPILER_GLOBAL_ACCENT_COLOR_NAME = AccentColor;
				CODE_SIGN_STYLE = Automatic;
				CURRENT_PROJECT_VERSION = 1;
				DEVELOPMENT_TEAM = 4LUT225J2B;
				GENERATE_INFOPLIST_FILE = YES;
				INFOPLIST_FILE = clockApp/Info.plist;
				INFOPLIST_KEY_UIApplicationSupportsIndirectInputEvents = YES;
				INFOPLIST_KEY_UILaunchStoryboardName = LaunchScreen;
				INFOPLIST_KEY_UISupportedInterfaceOrientations_iPad = "UIInterfaceOrientationPortrait UIInterfaceOrientationPortraitUpsideDown UIInterfaceOrientationLandscapeLeft UIInterfaceOrientationLandscapeRight";
				INFOPLIST_KEY_UISupportedInterfaceOrientations_iPhone = "UIInterfaceOrientationPortrait UIInterfaceOrientationLandscapeLeft UIInterfaceOrientationLandscapeRight";
				LD_RUNPATH_SEARCH_PATHS = (
					"$(inherited)",
					"@executable_path/Frameworks",
				);
				MARKETING_VERSION = 1.0;
				PRODUCT_BUNDLE_IDENTIFIER = com.linya.clockApp;
				PRODUCT_NAME = "$(TARGET_NAME)";
				SWIFT_EMIT_LOC_STRINGS = YES;
				SWIFT_VERSION = 5.0;
				TARGETED_DEVICE_FAMILY = 1;
			};
			name = Debug;
		};
		756786AA280D4F3000AC4EAE /* Release */ = {
			isa = XCBuildConfiguration;
			buildSettings = {
				ASSETCATALOG_COMPILER_APPICON_NAME = AppIcon;
				ASSETCATALOG_COMPILER_GLOBAL_ACCENT_COLOR_NAME = AccentColor;
				CODE_SIGN_STYLE = Automatic;
				CURRENT_PROJECT_VERSION = 1;
				DEVELOPMENT_TEAM = 4LUT225J2B;
				GENERATE_INFOPLIST_FILE = YES;
				INFOPLIST_FILE = clockApp/Info.plist;
				INFOPLIST_KEY_UIApplicationSupportsIndirectInputEvents = YES;
				INFOPLIST_KEY_UILaunchStoryboardName = LaunchScreen;
				INFOPLIST_KEY_UISupportedInterfaceOrientations_iPad = "UIInterfaceOrientationPortrait UIInterfaceOrientationPortraitUpsideDown UIInterfaceOrientationLandscapeLeft UIInterfaceOrientationLandscapeRight";
				INFOPLIST_KEY_UISupportedInterfaceOrientations_iPhone = "UIInterfaceOrientationPortrait UIInterfaceOrientationLandscapeLeft UIInterfaceOrientationLandscapeRight";
				LD_RUNPATH_SEARCH_PATHS = (
					"$(inherited)",
					"@executable_path/Frameworks",
				);
				MARKETING_VERSION = 1.0;
				PRODUCT_BUNDLE_IDENTIFIER = com.linya.clockApp;
				PRODUCT_NAME = "$(TARGET_NAME)";
				SWIFT_EMIT_LOC_STRINGS = YES;
				SWIFT_VERSION = 5.0;
				TARGETED_DEVICE_FAMILY = 1;
			};
			name = Release;
		};
/* End XCBuildConfiguration section */

/* Begin XCConfigurationList section */
		7567868F280D4F2E00AC4EAE /* Build configuration list for PBXProject "clockApp" */ = {
			isa = XCConfigurationList;
			buildConfigurations = (
				756786A6280D4F3000AC4EAE /* Debug */,
				756786A7280D4F3000AC4EAE /* Release */,
			);
			defaultConfigurationIsVisible = 0;
			defaultConfigurationName = Release;
		};
		756786A8280D4F3000AC4EAE /* Build configuration list for PBXNativeTarget "clockApp" */ = {
			isa = XCConfigurationList;
			buildConfigurations = (
				756786A9280D4F3000AC4EAE /* Debug */,
				756786AA280D4F3000AC4EAE /* Release */,
			);
			defaultConfigurationIsVisible = 0;
			defaultConfigurationName = Release;
		};
/* End XCConfigurationList section */

/* Begin XCRemoteSwiftPackageReference section */
		75BF900B2811207C000D110F /* XCRemoteSwiftPackageReference "SnapKit" */ = {
			isa = XCRemoteSwiftPackageReference;
			repositoryURL = "https://github.com/SnapKit/SnapKit.git";
			requirement = {
				kind = upToNextMajorVersion;
				minimumVersion = 5.0.0;
			};
		};
/* End XCRemoteSwiftPackageReference section */

/* Begin XCSwiftPackageProductDependency section */
		75BF900C2811207C000D110F /* SnapKit */ = {
			isa = XCSwiftPackageProductDependency;
			package = 75BF900B2811207C000D110F /* XCRemoteSwiftPackageReference "SnapKit" */;
			productName = SnapKit;
		};
/* End XCSwiftPackageProductDependency section */
	};
	rootObject = 7567868C280D4F2E00AC4EAE /* Project object */;
}
